
Microsoft Visual Studio Solution File, Format Version 12.00
# Visual Studio 15
VisualStudioVersion = 15.0.28307.1525
MinimumVisualStudioVersion = 10.0.40219.1
Project("{8BC9CEB8-8B4A-11D0-8D11-00A0C91BC942}") = "CplusApp", "CplusApp\CplusApp.vcxproj", "{F5D8E72E-8012-4EE1-85C7-2B761B6CEDAC}"
EndProject
Project("{8BC9CEB8-8B4A-11D0-8D11-00A0C91BC942}") = "Cplus", "Cplus\Cplus.vcxproj", "{98398EBB-A12B-45AA-95A1-605E8082F663}"
EndProject
Global
	GlobalSection(SolutionConfigurationPlatforms) = preSolution
		Debug|x64 = Debug|x64
		Debug|x86 = Debug|x86
		Release|x64 = Release|x64
		Release|x86 = Release|x86
	EndGlobalSection
	GlobalSection(ProjectConfigurationPlatforms) = postSolution
		{F5D8E72E-8012-4EE1-85C7-2B761B6CEDAC}.Debug|x64.ActiveCfg = Debug|x64
		{F5D8E72E-8012-4EE1-85C7-2B761B6CEDAC}.Debug|x64.Build.0 = Debug|x64
		{F5D8E72E-8012-4EE1-85C7-2B761B6CEDAC}.Debug|x86.ActiveCfg = Debug|Win32
		{F5D8E72E-8012-4EE1-85C7-2B761B6CEDAC}.Debug|x86.Build.0 = Debug|Win32
		{F5D8E72E-8012-4EE1-85C7-2B761B6CEDAC}.Release|x64.ActiveCfg = Release|x64
		{F5D8E72E-8012-4EE1-85C7-2B761B6CEDAC}.Release|x64.Build.0 = Release|x64
		{F5D8E72E-8012-4EE1-85C7-2B761B6CEDAC}.Release|x86.ActiveCfg = Release|Win32
		{F5D8E72E-8012-4EE1-85C7-2B761B6CEDAC}.Release|x86.Build.0 = Release|Win32
		{98398EBB-A12B-45AA-95A1-605E8082F663}.Debug|x64.ActiveCfg = Debug|x64
		{98398EBB-A12B-45AA-95A1-605E8082F663}.Debug|x64.Build.0 = Debug|x64
		{98398EBB-A12B-45AA-95A1-605E8082F663}.Debug|x86.ActiveCfg = Debug|Win32
		{98398EBB-A12B-45AA-95A1-605E8082F663}.Debug|x86.Build.0 = Debug|Win32
		{98398EBB-A12B-45AA-95A1-605E8082F663}.Release|x64.ActiveCfg = Release|x64
		{98398EBB-A12B-45AA-95A1-605E8082F663}.Release|x64.Build.0 = Release|x64
		{98398EBB-A12B-45AA-95A1-605E8082F663}.Release|x86.ActiveCfg = Release|Win32
		{98398EBB-A12B-45AA-95A1-605E8082F663}.Release|x86.Build.0 = Release|Win32
	EndGlobalSection
	GlobalSection(SolutionProperties) = preSolution
		HideSolutionNode = FALSE
	EndGlobalSection
	GlobalSection(ExtensibilityGlobals) = postSolution
		SolutionGuid = {80EFC877-A6EC-4AC9-B41B-D1FFD37E4DE9}
	EndGlobalSection
EndGlobal
